// !$*UTF8*$!
{
	archiveVersion = 1;
	classes = {
	};
	objectVersion = 56;
	objects = {

/* Begin PBXBuildFile section */
		A92C04442C282A64006B4E29 /* GFError.swift in Sources */ = {isa = PBXBuildFile; fileRef = A92C04432C282A64006B4E29 /* GFError.swift */; };
		A9741C3A2C285DA300724B7C /* FollowerCell.swift in Sources */ = {isa = PBXBuildFile; fileRef = A9741C392C285DA300724B7C /* FollowerCell.swift */; };
		A9741C3C2C285E5600724B7C /* GFAvatarImageView.swift in Sources */ = {isa = PBXBuildFile; fileRef = A9741C3B2C285E5600724B7C /* GFAvatarImageView.swift */; };
		A9741C3E2C2BEAE000724B7C /* UIHelper.swift in Sources */ = {isa = PBXBuildFile; fileRef = A9741C3D2C2BEAE000724B7C /* UIHelper.swift */; };
		A9741C402C30585000724B7C /* GFEmptyStateView.swift in Sources */ = {isa = PBXBuildFile; fileRef = A9741C3F2C30585000724B7C /* GFEmptyStateView.swift */; };
		A979F4C12C1F64040076ED56 /* GFTitleLabel.swift in Sources */ = {isa = PBXBuildFile; fileRef = A979F4C02C1F64030076ED56 /* GFTitleLabel.swift */; };
		A979F4C32C1F65B60076ED56 /* GFBodyLabel.swift in Sources */ = {isa = PBXBuildFile; fileRef = A979F4C22C1F65B60076ED56 /* GFBodyLabel.swift */; };
		A979F4C52C1F66CB0076ED56 /* GFAlertVC.swift in Sources */ = {isa = PBXBuildFile; fileRef = A979F4C42C1F66CB0076ED56 /* GFAlertVC.swift */; };
		A9ACB8292C32A1E60043C773 /* UserInfoVC.swift in Sources */ = {isa = PBXBuildFile; fileRef = A9ACB8282C32A1E60043C773 /* UserInfoVC.swift */; };
		A9AD973B2C1F9AAD009DE5A7 /* UIViewController+Ext.swift in Sources */ = {isa = PBXBuildFile; fileRef = A9AD973A2C1F9AAD009DE5A7 /* UIViewController+Ext.swift */; };
		A9AD973F2C221481009DE5A7 /* Follower.swift in Sources */ = {isa = PBXBuildFile; fileRef = A9AD973E2C221481009DE5A7 /* Follower.swift */; };
		A9AD97412C22151A009DE5A7 /* User.swift in Sources */ = {isa = PBXBuildFile; fileRef = A9AD97402C22151A009DE5A7 /* User.swift */; };
		A9AD97442C22193A009DE5A7 /* NetworkManager.swift in Sources */ = {isa = PBXBuildFile; fileRef = A9AD97432C22193A009DE5A7 /* NetworkManager.swift */; };
		A9C6DC0B2C1D9247001529F9 /* AppDelegate.swift in Sources */ = {isa = PBXBuildFile; fileRef = A9C6DC0A2C1D9247001529F9 /* AppDelegate.swift */; };
		A9C6DC0D2C1D9247001529F9 /* SceneDelegate.swift in Sources */ = {isa = PBXBuildFile; fileRef = A9C6DC0C2C1D9247001529F9 /* SceneDelegate.swift */; };
		A9C6DC0F2C1D9247001529F9 /* ViewController.swift in Sources */ = {isa = PBXBuildFile; fileRef = A9C6DC0E2C1D9247001529F9 /* ViewController.swift */; };
		A9C6DC142C1D9248001529F9 /* Assets.xcassets in Resources */ = {isa = PBXBuildFile; fileRef = A9C6DC132C1D9248001529F9 /* Assets.xcassets */; };
		A9C6DC172C1D9248001529F9 /* LaunchScreen.storyboard in Resources */ = {isa = PBXBuildFile; fileRef = A9C6DC152C1D9248001529F9 /* LaunchScreen.storyboard */; };
		A9C6DC232C1DBC6B001529F9 /* SearchVC.swift in Sources */ = {isa = PBXBuildFile; fileRef = A9C6DC222C1DBC6B001529F9 /* SearchVC.swift */; };
		A9C6DC252C1DBC9E001529F9 /* FavouritesListVC.swift in Sources */ = {isa = PBXBuildFile; fileRef = A9C6DC242C1DBC9E001529F9 /* FavouritesListVC.swift */; };
		A9C6DC2A2C1DC9ED001529F9 /* GFButton.swift in Sources */ = {isa = PBXBuildFile; fileRef = A9C6DC292C1DC9ED001529F9 /* GFButton.swift */; };
		A9C6DC2C2C1DCDE0001529F9 /* GFTextField.swift in Sources */ = {isa = PBXBuildFile; fileRef = A9C6DC2B2C1DCDE0001529F9 /* GFTextField.swift */; };
		A9C6DC2F2C1ED551001529F9 /* FollowersListVC.swift in Sources */ = {isa = PBXBuildFile; fileRef = A9C6DC2E2C1ED551001529F9 /* FollowersListVC.swift */; };
/* End PBXBuildFile section */

/* Begin PBXFileReference section */
		A92C04432C282A64006B4E29 /* GFError.swift */ = {isa = PBXFileReference; lastKnownFileType = sourcecode.swift; path = GFError.swift; sourceTree = "<group>"; };
		A9741C392C285DA300724B7C /* FollowerCell.swift */ = {isa = PBXFileReference; lastKnownFileType = sourcecode.swift; path = FollowerCell.swift; sourceTree = "<group>"; };
		A9741C3B2C285E5600724B7C /* GFAvatarImageView.swift */ = {isa = PBXFileReference; lastKnownFileType = sourcecode.swift; path = GFAvatarImageView.swift; sourceTree = "<group>"; };
		A9741C3D2C2BEAE000724B7C /* UIHelper.swift */ = {isa = PBXFileReference; lastKnownFileType = sourcecode.swift; path = UIHelper.swift; sourceTree = "<group>"; };
		A9741C3F2C30585000724B7C /* GFEmptyStateView.swift */ = {isa = PBXFileReference; lastKnownFileType = sourcecode.swift; path = GFEmptyStateView.swift; sourceTree = "<group>"; };
		A979F4C02C1F64030076ED56 /* GFTitleLabel.swift */ = {isa = PBXFileReference; lastKnownFileType = sourcecode.swift; path = GFTitleLabel.swift; sourceTree = "<group>"; };
		A979F4C22C1F65B60076ED56 /* GFBodyLabel.swift */ = {isa = PBXFileReference; lastKnownFileType = sourcecode.swift; path = GFBodyLabel.swift; sourceTree = "<group>"; };
		A979F4C42C1F66CB0076ED56 /* GFAlertVC.swift */ = {isa = PBXFileReference; lastKnownFileType = sourcecode.swift; path = GFAlertVC.swift; sourceTree = "<group>"; };
		A9ACB8282C32A1E60043C773 /* UserInfoVC.swift */ = {isa = PBXFileReference; lastKnownFileType = sourcecode.swift; path = UserInfoVC.swift; sourceTree = "<group>"; };
		A9AD973A2C1F9AAD009DE5A7 /* UIViewController+Ext.swift */ = {isa = PBXFileReference; lastKnownFileType = sourcecode.swift; path = "UIViewController+Ext.swift"; sourceTree = "<group>"; };
		A9AD973E2C221481009DE5A7 /* Follower.swift */ = {isa = PBXFileReference; lastKnownFileType = sourcecode.swift; path = Follower.swift; sourceTree = "<group>"; };
		A9AD97402C22151A009DE5A7 /* User.swift */ = {isa = PBXFileReference; lastKnownFileType = sourcecode.swift; path = User.swift; sourceTree = "<group>"; };
		A9AD97432C22193A009DE5A7 /* NetworkManager.swift */ = {isa = PBXFileReference; lastKnownFileType = sourcecode.swift; path = NetworkManager.swift; sourceTree = "<group>"; };
		A9C6DC072C1D9247001529F9 /* GH Followers.app */ = {isa = PBXFileReference; explicitFileType = wrapper.application; includeInIndex = 0; path = "GH Followers.app"; sourceTree = BUILT_PRODUCTS_DIR; };
		A9C6DC0A2C1D9247001529F9 /* AppDelegate.swift */ = {isa = PBXFileReference; lastKnownFileType = sourcecode.swift; path = AppDelegate.swift; sourceTree = "<group>"; };
		A9C6DC0C2C1D9247001529F9 /* SceneDelegate.swift */ = {isa = PBXFileReference; lastKnownFileType = sourcecode.swift; path = SceneDelegate.swift; sourceTree = "<group>"; };
		A9C6DC0E2C1D9247001529F9 /* ViewController.swift */ = {isa = PBXFileReference; lastKnownFileType = sourcecode.swift; path = ViewController.swift; sourceTree = "<group>"; };
		A9C6DC132C1D9248001529F9 /* Assets.xcassets */ = {isa = PBXFileReference; lastKnownFileType = folder.assetcatalog; path = Assets.xcassets; sourceTree = "<group>"; };
		A9C6DC162C1D9248001529F9 /* Base */ = {isa = PBXFileReference; lastKnownFileType = file.storyboard; name = Base; path = Base.lproj/LaunchScreen.storyboard; sourceTree = "<group>"; };
		A9C6DC182C1D9248001529F9 /* Info.plist */ = {isa = PBXFileReference; lastKnownFileType = text.plist.xml; path = Info.plist; sourceTree = "<group>"; };
		A9C6DC222C1DBC6B001529F9 /* SearchVC.swift */ = {isa = PBXFileReference; lastKnownFileType = sourcecode.swift; path = SearchVC.swift; sourceTree = "<group>"; };
		A9C6DC242C1DBC9E001529F9 /* FavouritesListVC.swift */ = {isa = PBXFileReference; lastKnownFileType = sourcecode.swift; path = FavouritesListVC.swift; sourceTree = "<group>"; };
		A9C6DC292C1DC9ED001529F9 /* GFButton.swift */ = {isa = PBXFileReference; lastKnownFileType = sourcecode.swift; path = GFButton.swift; sourceTree = "<group>"; };
		A9C6DC2B2C1DCDE0001529F9 /* GFTextField.swift */ = {isa = PBXFileReference; lastKnownFileType = sourcecode.swift; path = GFTextField.swift; sourceTree = "<group>"; };
		A9C6DC2E2C1ED551001529F9 /* FollowersListVC.swift */ = {isa = PBXFileReference; lastKnownFileType = sourcecode.swift; path = FollowersListVC.swift; sourceTree = "<group>"; };
/* End PBXFileReference section */

/* Begin PBXFrameworksBuildPhase section */
		A9C6DC042C1D9247001529F9 /* Frameworks */ = {
			isa = PBXFrameworksBuildPhase;
			buildActionMask = 2147483647;
			files = (
			);
			runOnlyForDeploymentPostprocessing = 0;
		};
/* End PBXFrameworksBuildPhase section */

/* Begin PBXGroup section */
		A92C04422C282A53006B4E29 /* Utilities */ = {
			isa = PBXGroup;
			children = (
				A92C04432C282A64006B4E29 /* GFError.swift */,
				A9741C3D2C2BEAE000724B7C /* UIHelper.swift */,
			);
			path = Utilities;
			sourceTree = "<group>";
		};
		A9741C382C285D8400724B7C /* Cells */ = {
			isa = PBXGroup;
			children = (
				A9741C392C285DA300724B7C /* FollowerCell.swift */,
			);
			path = Cells;
			sourceTree = "<group>";
		};
		A9AD973C2C1F9E00009DE5A7 /* Extensions */ = {
			isa = PBXGroup;
			children = (
				A9AD973A2C1F9AAD009DE5A7 /* UIViewController+Ext.swift */,
			);
			path = Extensions;
			sourceTree = "<group>";
		};
		A9AD973D2C221475009DE5A7 /* Model */ = {
			isa = PBXGroup;
			children = (
				A9AD973E2C221481009DE5A7 /* Follower.swift */,
				A9AD97402C22151A009DE5A7 /* User.swift */,
			);
			path = Model;
			sourceTree = "<group>";
		};
		A9AD97422C221925009DE5A7 /* Managers */ = {
			isa = PBXGroup;
			children = (
				A9AD97432C22193A009DE5A7 /* NetworkManager.swift */,
			);
			path = Managers;
			sourceTree = "<group>";
		};
		A9C6DBFE2C1D9247001529F9 = {
			isa = PBXGroup;
			children = (
				A9C6DC092C1D9247001529F9 /* GH Followers */,
				A9C6DC082C1D9247001529F9 /* Products */,
			);
			sourceTree = "<group>";
		};
		A9C6DC082C1D9247001529F9 /* Products */ = {
			isa = PBXGroup;
			children = (
				A9C6DC072C1D9247001529F9 /* GH Followers.app */,
			);
			name = Products;
			sourceTree = "<group>";
		};
		A9C6DC092C1D9247001529F9 /* GH Followers */ = {
			isa = PBXGroup;
			children = (
				A92C04422C282A53006B4E29 /* Utilities */,
				A9AD97422C221925009DE5A7 /* Managers */,
				A9AD973D2C221475009DE5A7 /* Model */,
				A9AD973C2C1F9E00009DE5A7 /* Extensions */,
				A9C6DC2D2C1DCDE5001529F9 /* Components */,
				A9C6DC182C1D9248001529F9 /* Info.plist */,
				A9C6DC282C1DC9BD001529F9 /* Resources */,
				A9C6DC272C1DC99F001529F9 /* Screens */,
			);
			path = "GH Followers";
			sourceTree = "<group>";
		};
		A9C6DC272C1DC99F001529F9 /* Screens */ = {
			isa = PBXGroup;
			children = (
				A9C6DC0E2C1D9247001529F9 /* ViewController.swift */,
				A9C6DC242C1DBC9E001529F9 /* FavouritesListVC.swift */,
				A9C6DC222C1DBC6B001529F9 /* SearchVC.swift */,
				A9C6DC2E2C1ED551001529F9 /* FollowersListVC.swift */,
				A979F4C42C1F66CB0076ED56 /* GFAlertVC.swift */,
				A9741C3F2C30585000724B7C /* GFEmptyStateView.swift */,
				A9ACB8282C32A1E60043C773 /* UserInfoVC.swift */,
			);
			path = Screens;
			sourceTree = "<group>";
		};
		A9C6DC282C1DC9BD001529F9 /* Resources */ = {
			isa = PBXGroup;
			children = (
				A9C6DC152C1D9248001529F9 /* LaunchScreen.storyboard */,
				A9C6DC132C1D9248001529F9 /* Assets.xcassets */,
				A9C6DC0C2C1D9247001529F9 /* SceneDelegate.swift */,
				A9C6DC0A2C1D9247001529F9 /* AppDelegate.swift */,
			);
			path = Resources;
			sourceTree = "<group>";
		};
		A9C6DC2D2C1DCDE5001529F9 /* Components */ = {
			isa = PBXGroup;
			children = (
				A9741C382C285D8400724B7C /* Cells */,
				A9C6DC292C1DC9ED001529F9 /* GFButton.swift */,
				A9C6DC2B2C1DCDE0001529F9 /* GFTextField.swift */,
				A979F4C02C1F64030076ED56 /* GFTitleLabel.swift */,
				A979F4C22C1F65B60076ED56 /* GFBodyLabel.swift */,
				A9741C3B2C285E5600724B7C /* GFAvatarImageView.swift */,
			);
			path = Components;
			sourceTree = "<group>";
		};
/* End PBXGroup section */

/* Begin PBXNativeTarget section */
		A9C6DC062C1D9247001529F9 /* GH Followers */ = {
			isa = PBXNativeTarget;
			buildConfigurationList = A9C6DC1B2C1D9248001529F9 /* Build configuration list for PBXNativeTarget "GH Followers" */;
			buildPhases = (
				A9C6DC032C1D9247001529F9 /* Sources */,
				A9C6DC042C1D9247001529F9 /* Frameworks */,
				A9C6DC052C1D9247001529F9 /* Resources */,
			);
			buildRules = (
			);
			dependencies = (
			);
			name = "GH Followers";
			productName = "GH Followers";
			productReference = A9C6DC072C1D9247001529F9 /* GH Followers.app */;
			productType = "com.apple.product-type.application";
		};
/* End PBXNativeTarget section */

/* Begin PBXProject section */
		A9C6DBFF2C1D9247001529F9 /* Project object */ = {
			isa = PBXProject;
			attributes = {
				BuildIndependentTargetsInParallel = 1;
				LastSwiftUpdateCheck = 1510;
				LastUpgradeCheck = 1510;
				TargetAttributes = {
					A9C6DC062C1D9247001529F9 = {
						CreatedOnToolsVersion = 15.1;
					};
				};
			};
			buildConfigurationList = A9C6DC022C1D9247001529F9 /* Build configuration list for PBXProject "GH Followers" */;
			compatibilityVersion = "Xcode 14.0";
			developmentRegion = en;
			hasScannedForEncodings = 0;
			knownRegions = (
				en,
				Base,
			);
			mainGroup = A9C6DBFE2C1D9247001529F9;
			productRefGroup = A9C6DC082C1D9247001529F9 /* Products */;
			projectDirPath = "";
			projectRoot = "";
			targets = (
				A9C6DC062C1D9247001529F9 /* GH Followers */,
			);
		};
/* End PBXProject section */

/* Begin PBXResourcesBuildPhase section */
		A9C6DC052C1D9247001529F9 /* Resources */ = {
			isa = PBXResourcesBuildPhase;
			buildActionMask = 2147483647;
			files = (
				A9C6DC172C1D9248001529F9 /* LaunchScreen.storyboard in Resources */,
				A9C6DC142C1D9248001529F9 /* Assets.xcassets in Resources */,
			);
			runOnlyForDeploymentPostprocessing = 0;
		};
/* End PBXResourcesBuildPhase section */

/* Begin PBXSourcesBuildPhase section */
		A9C6DC032C1D9247001529F9 /* Sources */ = {
			isa = PBXSourcesBuildPhase;
			buildActionMask = 2147483647;
			files = (
				A9C6DC0F2C1D9247001529F9 /* ViewController.swift in Sources */,
				A9C6DC0B2C1D9247001529F9 /* AppDelegate.swift in Sources */,
				A9AD973B2C1F9AAD009DE5A7 /* UIViewController+Ext.swift in Sources */,
				A9C6DC2F2C1ED551001529F9 /* FollowersListVC.swift in Sources */,
				A9C6DC2A2C1DC9ED001529F9 /* GFButton.swift in Sources */,
				A9741C402C30585000724B7C /* GFEmptyStateView.swift in Sources */,
				A9741C3C2C285E5600724B7C /* GFAvatarImageView.swift in Sources */,
				A9C6DC232C1DBC6B001529F9 /* SearchVC.swift in Sources */,
				A9AD97412C22151A009DE5A7 /* User.swift in Sources */,
				A9741C3A2C285DA300724B7C /* FollowerCell.swift in Sources */,
				A979F4C52C1F66CB0076ED56 /* GFAlertVC.swift in Sources */,
				A9ACB8292C32A1E60043C773 /* UserInfoVC.swift in Sources */,
				A9AD973F2C221481009DE5A7 /* Follower.swift in Sources */,
				A9C6DC252C1DBC9E001529F9 /* FavouritesListVC.swift in Sources */,
				A979F4C12C1F64040076ED56 /* GFTitleLabel.swift in Sources */,
				A9C6DC0D2C1D9247001529F9 /* SceneDelegate.swift in Sources */,
				A9AD97442C22193A009DE5A7 /* NetworkManager.swift in Sources */,
				A9741C3E2C2BEAE000724B7C /* UIHelper.swift in Sources */,
				A92C04442C282A64006B4E29 /* GFError.swift in Sources */,
				A9C6DC2C2C1DCDE0001529F9 /* GFTextField.swift in Sources */,
				A979F4C32C1F65B60076ED56 /* GFBodyLabel.swift in Sources */,
			);
			runOnlyForDeploymentPostprocessing = 0;
		};
/* End PBXSourcesBuildPhase section */

/* Begin PBXVariantGroup section */
		A9C6DC152C1D9248001529F9 /* LaunchScreen.storyboard */ = {
			isa = PBXVariantGroup;
			children = (
				A9C6DC162C1D9248001529F9 /* Base */,
			);
			name = LaunchScreen.storyboard;
			sourceTree = "<group>";
		};
/* End PBXVariantGroup section */

/* Begin XCBuildConfiguration section */
		A9C6DC192C1D9248001529F9 /* Debug */ = {
			isa = XCBuildConfiguration;
			buildSettings = {
				ALWAYS_SEARCH_USER_PATHS = NO;
				ASSETCATALOG_COMPILER_GENERATE_SWIFT_ASSET_SYMBOL_EXTENSIONS = YES;
				CLANG_ANALYZER_NONNULL = YES;
				CLANG_ANALYZER_NUMBER_OBJECT_CONVERSION = YES_AGGRESSIVE;
				CLANG_CXX_LANGUAGE_STANDARD = "gnu++20";
				CLANG_ENABLE_MODULES = YES;
				CLANG_ENABLE_OBJC_ARC = YES;
				CLANG_ENABLE_OBJC_WEAK = YES;
				CLANG_WARN_BLOCK_CAPTURE_AUTORELEASING = YES;
				CLANG_WARN_BOOL_CONVERSION = YES;
				CLANG_WARN_COMMA = YES;
				CLANG_WARN_CONSTANT_CONVERSION = YES;
				CLANG_WARN_DEPRECATED_OBJC_IMPLEMENTATIONS = YES;
				CLANG_WARN_DIRECT_OBJC_ISA_USAGE = YES_ERROR;
				CLANG_WARN_DOCUMENTATION_COMMENTS = YES;
				CLANG_WARN_EMPTY_BODY = YES;
				CLANG_WARN_ENUM_CONVERSION = YES;
				CLANG_WARN_INFINITE_RECURSION = YES;
				CLANG_WARN_INT_CONVERSION = YES;
				CLANG_WARN_NON_LITERAL_NULL_CONVERSION = YES;
				CLANG_WARN_OBJC_IMPLICIT_RETAIN_SELF = YES;
				CLANG_WARN_OBJC_LITERAL_CONVERSION = YES;
				CLANG_WARN_OBJC_ROOT_CLASS = YES_ERROR;
				CLANG_WARN_QUOTED_INCLUDE_IN_FRAMEWORK_HEADER = YES;
				CLANG_WARN_RANGE_LOOP_ANALYSIS = YES;
				CLANG_WARN_STRICT_PROTOTYPES = YES;
				CLANG_WARN_SUSPICIOUS_MOVE = YES;
				CLANG_WARN_UNGUARDED_AVAILABILITY = YES_AGGRESSIVE;
				CLANG_WARN_UNREACHABLE_CODE = YES;
				CLANG_WARN__DUPLICATE_METHOD_MATCH = YES;
				COPY_PHASE_STRIP = NO;
				DEBUG_INFORMATION_FORMAT = dwarf;
				ENABLE_STRICT_OBJC_MSGSEND = YES;
				ENABLE_TESTABILITY = YES;
				ENABLE_USER_SCRIPT_SANDBOXING = YES;
				GCC_C_LANGUAGE_STANDARD = gnu17;
				GCC_DYNAMIC_NO_PIC = NO;
				GCC_NO_COMMON_BLOCKS = YES;
				GCC_OPTIMIZATION_LEVEL = 0;
				GCC_PREPROCESSOR_DEFINITIONS = (
					"DEBUG=1",
					"$(inherited)",
				);
				GCC_WARN_64_TO_32_BIT_CONVERSION = YES;
				GCC_WARN_ABOUT_RETURN_TYPE = YES_ERROR;
				GCC_WARN_UNDECLARED_SELECTOR = YES;
				GCC_WARN_UNINITIALIZED_AUTOS = YES_AGGRESSIVE;
				GCC_WARN_UNUSED_FUNCTION = YES;
				GCC_WARN_UNUSED_VARIABLE = YES;
				IPHONEOS_DEPLOYMENT_TARGET = 17.2;
				LOCALIZATION_PREFERS_STRING_CATALOGS = YES;
				MTL_ENABLE_DEBUG_INFO = INCLUDE_SOURCE;
				MTL_FAST_MATH = YES;
				ONLY_ACTIVE_ARCH = YES;
				SDKROOT = iphoneos;
				SWIFT_ACTIVE_COMPILATION_CONDITIONS = "DEBUG $(inherited)";
				SWIFT_OPTIMIZATION_LEVEL = "-Onone";
			};
			name = Debug;
		};
		A9C6DC1A2C1D9248001529F9 /* Release */ = {
			isa = XCBuildConfiguration;
			buildSettings = {
				ALWAYS_SEARCH_USER_PATHS = NO;
				ASSETCATALOG_COMPILER_GENERATE_SWIFT_ASSET_SYMBOL_EXTENSIONS = YES;
				CLANG_ANALYZER_NONNULL = YES;
				CLANG_ANALYZER_NUMBER_OBJECT_CONVERSION = YES_AGGRESSIVE;
				CLANG_CXX_LANGUAGE_STANDARD = "gnu++20";
				CLANG_ENABLE_MODULES = YES;
				CLANG_ENABLE_OBJC_ARC = YES;
				CLANG_ENABLE_OBJC_WEAK = YES;
				CLANG_WARN_BLOCK_CAPTURE_AUTORELEASING = YES;
				CLANG_WARN_BOOL_CONVERSION = YES;
				CLANG_WARN_COMMA = YES;
				CLANG_WARN_CONSTANT_CONVERSION = YES;
				CLANG_WARN_DEPRECATED_OBJC_IMPLEMENTATIONS = YES;
				CLANG_WARN_DIRECT_OBJC_ISA_USAGE = YES_ERROR;
				CLANG_WARN_DOCUMENTATION_COMMENTS = YES;
				CLANG_WARN_EMPTY_BODY = YES;
				CLANG_WARN_ENUM_CONVERSION = YES;
				CLANG_WARN_INFINITE_RECURSION = YES;
				CLANG_WARN_INT_CONVERSION = YES;
				CLANG_WARN_NON_LITERAL_NULL_CONVERSION = YES;
				CLANG_WARN_OBJC_IMPLICIT_RETAIN_SELF = YES;
				CLANG_WARN_OBJC_LITERAL_CONVERSION = YES;
				CLANG_WARN_OBJC_ROOT_CLASS = YES_ERROR;
				CLANG_WARN_QUOTED_INCLUDE_IN_FRAMEWORK_HEADER = YES;
				CLANG_WARN_RANGE_LOOP_ANALYSIS = YES;
				CLANG_WARN_STRICT_PROTOTYPES = YES;
				CLANG_WARN_SUSPICIOUS_MOVE = YES;
				CLANG_WARN_UNGUARDED_AVAILABILITY = YES_AGGRESSIVE;
				CLANG_WARN_UNREACHABLE_CODE = YES;
				CLANG_WARN__DUPLICATE_METHOD_MATCH = YES;
				COPY_PHASE_STRIP = NO;
				DEBUG_INFORMATION_FORMAT = "dwarf-with-dsym";
				ENABLE_NS_ASSERTIONS = NO;
				ENABLE_STRICT_OBJC_MSGSEND = YES;
				ENABLE_USER_SCRIPT_SANDBOXING = YES;
				GCC_C_LANGUAGE_STANDARD = gnu17;
				GCC_NO_COMMON_BLOCKS = YES;
				GCC_WARN_64_TO_32_BIT_CONVERSION = YES;
				GCC_WARN_ABOUT_RETURN_TYPE = YES_ERROR;
				GCC_WARN_UNDECLARED_SELECTOR = YES;
				GCC_WARN_UNINITIALIZED_AUTOS = YES_AGGRESSIVE;
				GCC_WARN_UNUSED_FUNCTION = YES;
				GCC_WARN_UNUSED_VARIABLE = YES;
				IPHONEOS_DEPLOYMENT_TARGET = 17.2;
				LOCALIZATION_PREFERS_STRING_CATALOGS = YES;
				MTL_ENABLE_DEBUG_INFO = NO;
				MTL_FAST_MATH = YES;
				SDKROOT = iphoneos;
				SWIFT_COMPILATION_MODE = wholemodule;
				VALIDATE_PRODUCT = YES;
			};
			name = Release;
		};
		A9C6DC1C2C1D9248001529F9 /* Debug */ = {
			isa = XCBuildConfiguration;
			buildSettings = {
				ASSETCATALOG_COMPILER_APPICON_NAME = AppIcon;
				ASSETCATALOG_COMPILER_GLOBAL_ACCENT_COLOR_NAME = AccentColor;
				CODE_SIGN_STYLE = Automatic;
				CURRENT_PROJECT_VERSION = 1;
				DEVELOPMENT_TEAM = UPW5GDNY4S;
				GENERATE_INFOPLIST_FILE = YES;
				INFOPLIST_FILE = "GH Followers/Info.plist";
				INFOPLIST_KEY_UIApplicationSupportsIndirectInputEvents = YES;
				INFOPLIST_KEY_UILaunchStoryboardName = LaunchScreen;
				INFOPLIST_KEY_UIStatusBarStyle = "";
				INFOPLIST_KEY_UISupportedInterfaceOrientations = UIInterfaceOrientationPortrait;
				LD_RUNPATH_SEARCH_PATHS = (
					"$(inherited)",
					"@executable_path/Frameworks",
				);
				MARKETING_VERSION = 1.0;
				PRODUCT_BUNDLE_IDENTIFIER = "sp.GH-Followers";
				PRODUCT_NAME = "$(TARGET_NAME)";
				SWIFT_EMIT_LOC_STRINGS = YES;
				SWIFT_VERSION = 5.0;
				TARGETED_DEVICE_FAMILY = "1,2";
			};
			name = Debug;
		};
		A9C6DC1D2C1D9248001529F9 /* Release */ = {
			isa = XCBuildConfiguration;
			buildSettings = {
				ASSETCATALOG_COMPILER_APPICON_NAME = AppIcon;
				ASSETCATALOG_COMPILER_GLOBAL_ACCENT_COLOR_NAME = AccentColor;
				CODE_SIGN_STYLE = Automatic;
				CURRENT_PROJECT_VERSION = 1;
				DEVELOPMENT_TEAM = UPW5GDNY4S;
				GENERATE_INFOPLIST_FILE = YES;
				INFOPLIST_FILE = "GH Followers/Info.plist";
				INFOPLIST_KEY_UIApplicationSupportsIndirectInputEvents = YES;
				INFOPLIST_KEY_UILaunchStoryboardName = LaunchScreen;
				INFOPLIST_KEY_UIStatusBarStyle = "";
				INFOPLIST_KEY_UISupportedInterfaceOrientations = UIInterfaceOrientationPortrait;
				LD_RUNPATH_SEARCH_PATHS = (
					"$(inherited)",
					"@executable_path/Frameworks",
				);
				MARKETING_VERSION = 1.0;
				PRODUCT_BUNDLE_IDENTIFIER = "sp.GH-Followers";
				PRODUCT_NAME = "$(TARGET_NAME)";
				SWIFT_EMIT_LOC_STRINGS = YES;
				SWIFT_VERSION = 5.0;
				TARGETED_DEVICE_FAMILY = "1,2";
			};
			name = Release;
		};
/* End XCBuildConfiguration section */

/* Begin XCConfigurationList section */
		A9C6DC022C1D9247001529F9 /* Build configuration list for PBXProject "GH Followers" */ = {
			isa = XCConfigurationList;
			buildConfigurations = (
				A9C6DC192C1D9248001529F9 /* Debug */,
				A9C6DC1A2C1D9248001529F9 /* Release */,
			);
			defaultConfigurationIsVisible = 0;
			defaultConfigurationName = Release;
		};
		A9C6DC1B2C1D9248001529F9 /* Build configuration list for PBXNativeTarget "GH Followers" */ = {
			isa = XCConfigurationList;
			buildConfigurations = (
				A9C6DC1C2C1D9248001529F9 /* Debug */,
				A9C6DC1D2C1D9248001529F9 /* Release */,
			);
			defaultConfigurationIsVisible = 0;
			defaultConfigurationName = Release;
		};
/* End XCConfigurationList section */
	};
	rootObject = A9C6DBFF2C1D9247001529F9 /* Project object */;
}
